// !$*UTF8*$!
{
	archiveVersion = 1;
	classes = {
	};
	objectVersion = 48;
	objects = {

/* Begin PBXBuildFile section */
		26D17FDB2A0D6D15E262871E /* Pods_functional_todo_demo.framework in Frameworks */ = {isa = PBXBuildFile; fileRef = E57025E2CDDB2424C1F28475 /* Pods_functional_todo_demo.framework */; };
		A36E021D2035DA1C00D3BABC /* Todo.swift in Sources */ = {isa = PBXBuildFile; fileRef = A36E021C2035DA1C00D3BABC /* Todo.swift */; };
		A36E021F2037208A00D3BABC /* ViewModel1.swift in Sources */ = {isa = PBXBuildFile; fileRef = A36E021E2037208A00D3BABC /* ViewModel1.swift */; };
		A36E02212037209700D3BABC /* ViewModel2.swift in Sources */ = {isa = PBXBuildFile; fileRef = A36E02202037209700D3BABC /* ViewModel2.swift */; };
		A36E02232037213800D3BABC /* RequestProtocol.swift in Sources */ = {isa = PBXBuildFile; fileRef = A36E02222037213800D3BABC /* RequestProtocol.swift */; };
		A36E02252037221600D3BABC /* TodoRequest.swift in Sources */ = {isa = PBXBuildFile; fileRef = A36E02242037221600D3BABC /* TodoRequest.swift */; };
		A36E02272037239A00D3BABC /* WebServiceManager.swift in Sources */ = {isa = PBXBuildFile; fileRef = A36E02262037239A00D3BABC /* WebServiceManager.swift */; };
		A36E02292037E7CF00D3BABC /* RequestModel.swift in Sources */ = {isa = PBXBuildFile; fileRef = A36E02282037E7CF00D3BABC /* RequestModel.swift */; };
		A36E022B2037EAAB00D3BABC /* TodoManager.swift in Sources */ = {isa = PBXBuildFile; fileRef = A36E022A2037EAAB00D3BABC /* TodoManager.swift */; };
		A36E022D2037F3E500D3BABC /* Lenses.swift in Sources */ = {isa = PBXBuildFile; fileRef = A36E022C2037F3E500D3BABC /* Lenses.swift */; };
		A36E022F2037F64800D3BABC /* MutableProperty+Delta.swift in Sources */ = {isa = PBXBuildFile; fileRef = A36E022E2037F64800D3BABC /* MutableProperty+Delta.swift */; };
		A36E02312037F69200D3BABC /* State.swift in Sources */ = {isa = PBXBuildFile; fileRef = A36E02302037F69200D3BABC /* State.swift */; };
		A36E02332037F70B00D3BABC /* Store.swift in Sources */ = {isa = PBXBuildFile; fileRef = A36E02322037F70B00D3BABC /* Store.swift */; };
		A36E0235203801A400D3BABC /* StoreExtension.swift in Sources */ = {isa = PBXBuildFile; fileRef = A36E0234203801A400D3BABC /* StoreExtension.swift */; };
		A36E023720380FAB00D3BABC /* UpdateTodoAction.swift in Sources */ = {isa = PBXBuildFile; fileRef = A36E023620380FAB00D3BABC /* UpdateTodoAction.swift */; };
		A36E02392038110700D3BABC /* ClearCompletedTodosAction.swift in Sources */ = {isa = PBXBuildFile; fileRef = A36E02382038110600D3BABC /* ClearCompletedTodosAction.swift */; };
		A36E023B2038117E00D3BABC /* CreateTodoAction.swift in Sources */ = {isa = PBXBuildFile; fileRef = A36E023A2038117E00D3BABC /* CreateTodoAction.swift */; };
		A36E023D2038126000D3BABC /* DeleteTodoAction.swift in Sources */ = {isa = PBXBuildFile; fileRef = A36E023C2038126000D3BABC /* DeleteTodoAction.swift */; };
		A36E023F2038179E00D3BABC /* DetailsTodoAction.swift in Sources */ = {isa = PBXBuildFile; fileRef = A36E023E2038179E00D3BABC /* DetailsTodoAction.swift */; };
		A36E02412038190100D3BABC /* LoadTodosAction.swift in Sources */ = {isa = PBXBuildFile; fileRef = A36E02402038190100D3BABC /* LoadTodosAction.swift */; };
		A36E02432038195300D3BABC /* SetFilterAction.swift in Sources */ = {isa = PBXBuildFile; fileRef = A36E02422038195300D3BABC /* SetFilterAction.swift */; };
		A36E0245203819DD00D3BABC /* ToggleCompletedAction.swift in Sources */ = {isa = PBXBuildFile; fileRef = A36E0244203819DD00D3BABC /* ToggleCompletedAction.swift */; };
		A36E024720381FFA00D3BABC /* TodoTableViewCell.swift in Sources */ = {isa = PBXBuildFile; fileRef = A36E024620381FFA00D3BABC /* TodoTableViewCell.swift */; };
		A36E02492038245F00D3BABC /* Main.storyboard in Resources */ = {isa = PBXBuildFile; fileRef = A36E02482038245F00D3BABC /* Main.storyboard */; };
		A3AEE33A2035D678009FF764 /* AppDelegate.swift in Sources */ = {isa = PBXBuildFile; fileRef = A3AEE3392035D678009FF764 /* AppDelegate.swift */; };
		A3AEE33C2035D678009FF764 /* MasterVC.swift in Sources */ = {isa = PBXBuildFile; fileRef = A3AEE33B2035D678009FF764 /* MasterVC.swift */; };
		A3AEE3412035D678009FF764 /* Assets.xcassets in Resources */ = {isa = PBXBuildFile; fileRef = A3AEE3402035D678009FF764 /* Assets.xcassets */; };
		A3AEE3442035D678009FF764 /* LaunchScreen.storyboard in Resources */ = {isa = PBXBuildFile; fileRef = A3AEE3422035D678009FF764 /* LaunchScreen.storyboard */; };
/* End PBXBuildFile section */

/* Begin PBXFileReference section */
		28B266C272CA4668BE48085C /* Pods-functional-todo-demo.release.xcconfig */ = {isa = PBXFileReference; includeInIndex = 1; lastKnownFileType = text.xcconfig; name = "Pods-functional-todo-demo.release.xcconfig"; path = "Pods/Target Support Files/Pods-functional-todo-demo/Pods-functional-todo-demo.release.xcconfig"; sourceTree = "<group>"; };
		A36E021C2035DA1C00D3BABC /* Todo.swift */ = {isa = PBXFileReference; lastKnownFileType = sourcecode.swift; path = Todo.swift; sourceTree = "<group>"; };
		A36E021E2037208A00D3BABC /* ViewModel1.swift */ = {isa = PBXFileReference; lastKnownFileType = sourcecode.swift; path = ViewModel1.swift; sourceTree = "<group>"; };
		A36E02202037209700D3BABC /* ViewModel2.swift */ = {isa = PBXFileReference; lastKnownFileType = sourcecode.swift; path = ViewModel2.swift; sourceTree = "<group>"; };
		A36E02222037213800D3BABC /* RequestProtocol.swift */ = {isa = PBXFileReference; lastKnownFileType = sourcecode.swift; path = RequestProtocol.swift; sourceTree = "<group>"; };
		A36E02242037221600D3BABC /* TodoRequest.swift */ = {isa = PBXFileReference; lastKnownFileType = sourcecode.swift; path = TodoRequest.swift; sourceTree = "<group>"; };
		A36E02262037239A00D3BABC /* WebServiceManager.swift */ = {isa = PBXFileReference; lastKnownFileType = sourcecode.swift; path = WebServiceManager.swift; sourceTree = "<group>"; };
		A36E02282037E7CF00D3BABC /* RequestModel.swift */ = {isa = PBXFileReference; lastKnownFileType = sourcecode.swift; path = RequestModel.swift; sourceTree = "<group>"; };
		A36E022A2037EAAB00D3BABC /* TodoManager.swift */ = {isa = PBXFileReference; lastKnownFileType = sourcecode.swift; path = TodoManager.swift; sourceTree = "<group>"; };
		A36E022C2037F3E500D3BABC /* Lenses.swift */ = {isa = PBXFileReference; lastKnownFileType = sourcecode.swift; path = Lenses.swift; sourceTree = "<group>"; };
		A36E022E2037F64800D3BABC /* MutableProperty+Delta.swift */ = {isa = PBXFileReference; lastKnownFileType = sourcecode.swift; path = "MutableProperty+Delta.swift"; sourceTree = "<group>"; };
		A36E02302037F69200D3BABC /* State.swift */ = {isa = PBXFileReference; lastKnownFileType = sourcecode.swift; path = State.swift; sourceTree = "<group>"; };
		A36E02322037F70B00D3BABC /* Store.swift */ = {isa = PBXFileReference; lastKnownFileType = sourcecode.swift; path = Store.swift; sourceTree = "<group>"; };
		A36E0234203801A400D3BABC /* StoreExtension.swift */ = {isa = PBXFileReference; lastKnownFileType = sourcecode.swift; path = StoreExtension.swift; sourceTree = "<group>"; };
		A36E023620380FAB00D3BABC /* UpdateTodoAction.swift */ = {isa = PBXFileReference; lastKnownFileType = sourcecode.swift; path = UpdateTodoAction.swift; sourceTree = "<group>"; };
		A36E02382038110600D3BABC /* ClearCompletedTodosAction.swift */ = {isa = PBXFileReference; lastKnownFileType = sourcecode.swift; path = ClearCompletedTodosAction.swift; sourceTree = "<group>"; };
		A36E023A2038117E00D3BABC /* CreateTodoAction.swift */ = {isa = PBXFileReference; lastKnownFileType = sourcecode.swift; path = CreateTodoAction.swift; sourceTree = "<group>"; };
		A36E023C2038126000D3BABC /* DeleteTodoAction.swift */ = {isa = PBXFileReference; lastKnownFileType = sourcecode.swift; path = DeleteTodoAction.swift; sourceTree = "<group>"; };
		A36E023E2038179E00D3BABC /* DetailsTodoAction.swift */ = {isa = PBXFileReference; lastKnownFileType = sourcecode.swift; path = DetailsTodoAction.swift; sourceTree = "<group>"; };
		A36E02402038190100D3BABC /* LoadTodosAction.swift */ = {isa = PBXFileReference; lastKnownFileType = sourcecode.swift; path = LoadTodosAction.swift; sourceTree = "<group>"; };
		A36E02422038195300D3BABC /* SetFilterAction.swift */ = {isa = PBXFileReference; lastKnownFileType = sourcecode.swift; path = SetFilterAction.swift; sourceTree = "<group>"; };
		A36E0244203819DD00D3BABC /* ToggleCompletedAction.swift */ = {isa = PBXFileReference; lastKnownFileType = sourcecode.swift; path = ToggleCompletedAction.swift; sourceTree = "<group>"; };
		A36E024620381FFA00D3BABC /* TodoTableViewCell.swift */ = {isa = PBXFileReference; lastKnownFileType = sourcecode.swift; path = TodoTableViewCell.swift; sourceTree = "<group>"; };
		A36E02482038245F00D3BABC /* Main.storyboard */ = {isa = PBXFileReference; fileEncoding = 4; lastKnownFileType = file.storyboard; path = Main.storyboard; sourceTree = "<group>"; };
		A3AEE3362035D678009FF764 /* functional-todo-demo.app */ = {isa = PBXFileReference; explicitFileType = wrapper.application; includeInIndex = 0; path = "functional-todo-demo.app"; sourceTree = BUILT_PRODUCTS_DIR; };
		A3AEE3392035D678009FF764 /* AppDelegate.swift */ = {isa = PBXFileReference; lastKnownFileType = sourcecode.swift; path = AppDelegate.swift; sourceTree = "<group>"; };
		A3AEE33B2035D678009FF764 /* MasterVC.swift */ = {isa = PBXFileReference; lastKnownFileType = sourcecode.swift; path = MasterVC.swift; sourceTree = "<group>"; };
		A3AEE3402035D678009FF764 /* Assets.xcassets */ = {isa = PBXFileReference; lastKnownFileType = folder.assetcatalog; path = Assets.xcassets; sourceTree = "<group>"; };
		A3AEE3432035D678009FF764 /* Base */ = {isa = PBXFileReference; lastKnownFileType = file.storyboard; name = Base; path = Base.lproj/LaunchScreen.storyboard; sourceTree = "<group>"; };
		A3AEE3452035D678009FF764 /* Info.plist */ = {isa = PBXFileReference; lastKnownFileType = text.plist.xml; path = Info.plist; sourceTree = "<group>"; };
		D4FF634B2B42B68A1F345538 /* Pods-functional-todo-demo.debug.xcconfig */ = {isa = PBXFileReference; includeInIndex = 1; lastKnownFileType = text.xcconfig; name = "Pods-functional-todo-demo.debug.xcconfig"; path = "Pods/Target Support Files/Pods-functional-todo-demo/Pods-functional-todo-demo.debug.xcconfig"; sourceTree = "<group>"; };
		E57025E2CDDB2424C1F28475 /* Pods_functional_todo_demo.framework */ = {isa = PBXFileReference; explicitFileType = wrapper.framework; includeInIndex = 0; path = Pods_functional_todo_demo.framework; sourceTree = BUILT_PRODUCTS_DIR; };
/* End PBXFileReference section */

/* Begin PBXFrameworksBuildPhase section */
		A3AEE3332035D678009FF764 /* Frameworks */ = {
			isa = PBXFrameworksBuildPhase;
			buildActionMask = 2147483647;
			files = (
				26D17FDB2A0D6D15E262871E /* Pods_functional_todo_demo.framework in Frameworks */,
			);
			runOnlyForDeploymentPostprocessing = 0;
		};
/* End PBXFrameworksBuildPhase section */

/* Begin PBXGroup section */
		051538B7FF83618212D60ADB /* Pods */ = {
			isa = PBXGroup;
			children = (
				D4FF634B2B42B68A1F345538 /* Pods-functional-todo-demo.debug.xcconfig */,
				28B266C272CA4668BE48085C /* Pods-functional-todo-demo.release.xcconfig */,
			);
			name = Pods;
			sourceTree = "<group>";
		};
		4A871151950AE401CA47B819 /* Frameworks */ = {
			isa = PBXGroup;
			children = (
				E57025E2CDDB2424C1F28475 /* Pods_functional_todo_demo.framework */,
			);
			name = Frameworks;
			sourceTree = "<group>";
		};
		A3AEE32D2035D678009FF764 = {
			isa = PBXGroup;
			children = (
				A3AEE3382035D678009FF764 /* functional-todo-demo */,
				A3AEE3372035D678009FF764 /* Products */,
				051538B7FF83618212D60ADB /* Pods */,
				4A871151950AE401CA47B819 /* Frameworks */,
			);
			sourceTree = "<group>";
		};
		A3AEE3372035D678009FF764 /* Products */ = {
			isa = PBXGroup;
			children = (
				A3AEE3362035D678009FF764 /* functional-todo-demo.app */,
			);
			name = Products;
			sourceTree = "<group>";
		};
		A3AEE3382035D678009FF764 /* functional-todo-demo */ = {
			isa = PBXGroup;
			children = (
				A3AEE3532035D804009FF764 /* Views */,
				A3AEE3522035D7FE009FF764 /* State */,
				A3AEE3512035D7F0009FF764 /* Resources */,
				A3AEE3502035D7EA009FF764 /* Models */,
				A3AEE34F2035D7E2009FF764 /* Managers */,
				A3AEE34E2035D7DA009FF764 /* Extensions */,
				A3AEE34D2035D7CF009FF764 /* Controllers */,
				A3AEE34C2035D7B9009FF764 /* Communications */,
				A3AEE34B2035D7AB009FF764 /* Actions */,
				A3AEE3392035D678009FF764 /* AppDelegate.swift */,
				A36E02482038245F00D3BABC /* Main.storyboard */,
				A3AEE3402035D678009FF764 /* Assets.xcassets */,
				A3AEE3422035D678009FF764 /* LaunchScreen.storyboard */,
				A3AEE3452035D678009FF764 /* Info.plist */,
			);
			path = "functional-todo-demo";
			sourceTree = "<group>";
		};
		A3AEE34B2035D7AB009FF764 /* Actions */ = {
			isa = PBXGroup;
			children = (
				A36E023620380FAB00D3BABC /* UpdateTodoAction.swift */,
				A36E02382038110600D3BABC /* ClearCompletedTodosAction.swift */,
				A36E023A2038117E00D3BABC /* CreateTodoAction.swift */,
				A36E023C2038126000D3BABC /* DeleteTodoAction.swift */,
				A36E023E2038179E00D3BABC /* DetailsTodoAction.swift */,
				A36E02402038190100D3BABC /* LoadTodosAction.swift */,
				A36E02422038195300D3BABC /* SetFilterAction.swift */,
				A36E0244203819DD00D3BABC /* ToggleCompletedAction.swift */,
			);
			path = Actions;
			sourceTree = "<group>";
		};
		A3AEE34C2035D7B9009FF764 /* Communications */ = {
			isa = PBXGroup;
			children = (
			);
			path = Communications;
			sourceTree = "<group>";
		};
		A3AEE34D2035D7CF009FF764 /* Controllers */ = {
			isa = PBXGroup;
			children = (
				A3AEE33B2035D678009FF764 /* MasterVC.swift */,
				A36E021E2037208A00D3BABC /* ViewModel1.swift */,
				A36E02202037209700D3BABC /* ViewModel2.swift */,
			);
			path = Controllers;
			sourceTree = "<group>";
		};
		A3AEE34E2035D7DA009FF764 /* Extensions */ = {
			isa = PBXGroup;
			children = (
				A36E022C2037F3E500D3BABC /* Lenses.swift */,
				A36E022E2037F64800D3BABC /* MutableProperty+Delta.swift */,
				A36E0234203801A400D3BABC /* StoreExtension.swift */,
			);
			path = Extensions;
			sourceTree = "<group>";
		};
		A3AEE34F2035D7E2009FF764 /* Managers */ = {
			isa = PBXGroup;
			children = (
				A36E02262037239A00D3BABC /* WebServiceManager.swift */,
				A36E022A2037EAAB00D3BABC /* TodoManager.swift */,
			);
			path = Managers;
			sourceTree = "<group>";
		};
		A3AEE3502035D7EA009FF764 /* Models */ = {
			isa = PBXGroup;
			children = (
				A36E021C2035DA1C00D3BABC /* Todo.swift */,
				A36E02222037213800D3BABC /* RequestProtocol.swift */,
				A36E02242037221600D3BABC /* TodoRequest.swift */,
				A36E02282037E7CF00D3BABC /* RequestModel.swift */,
				A36E02322037F70B00D3BABC /* Store.swift */,
			);
			path = Models;
			sourceTree = "<group>";
		};
		A3AEE3512035D7F0009FF764 /* Resources */ = {
			isa = PBXGroup;
			children = (
			);
			path = Resources;
			sourceTree = "<group>";
		};
		A3AEE3522035D7FE009FF764 /* State */ = {
			isa = PBXGroup;
			children = (
				A36E02302037F69200D3BABC /* State.swift */,
			);
			path = State;
			sourceTree = "<group>";
		};
		A3AEE3532035D804009FF764 /* Views */ = {
			isa = PBXGroup;
			children = (
				A36E024620381FFA00D3BABC /* TodoTableViewCell.swift */,
			);
			path = Views;
			sourceTree = "<group>";
		};
/* End PBXGroup section */

/* Begin PBXNativeTarget section */
		A3AEE3352035D678009FF764 /* functional-todo-demo */ = {
			isa = PBXNativeTarget;
			buildConfigurationList = A3AEE3482035D678009FF764 /* Build configuration list for PBXNativeTarget "functional-todo-demo" */;
			buildPhases = (
				4AE0F10B8549873AF314B0F4 /* [CP] Check Pods Manifest.lock */,
				A3AEE3322035D678009FF764 /* Sources */,
				A3AEE3332035D678009FF764 /* Frameworks */,
				A3AEE3342035D678009FF764 /* Resources */,
				6881D69D3C376177AECB538F /* [CP] Embed Pods Frameworks */,
				66ED3E8AAE8152462004F6FB /* [CP] Copy Pods Resources */,
			);
			buildRules = (
			);
			dependencies = (
			);
			name = "functional-todo-demo";
			productName = "functional-todo-demo";
			productReference = A3AEE3362035D678009FF764 /* functional-todo-demo.app */;
			productType = "com.apple.product-type.application";
		};
/* End PBXNativeTarget section */

/* Begin PBXProject section */
		A3AEE32E2035D678009FF764 /* Project object */ = {
			isa = PBXProject;
			attributes = {
				LastSwiftUpdateCheck = 0920;
				LastUpgradeCheck = 0920;
				ORGANIZATIONNAME = "Joshua Kaplan";
				TargetAttributes = {
					A3AEE3352035D678009FF764 = {
						CreatedOnToolsVersion = 9.2;
						ProvisioningStyle = Automatic;
					};
				};
			};
			buildConfigurationList = A3AEE3312035D678009FF764 /* Build configuration list for PBXProject "functional-todo-demo" */;
			compatibilityVersion = "Xcode 8.0";
			developmentRegion = en;
			hasScannedForEncodings = 0;
			knownRegions = (
				en,
				Base,
			);
			mainGroup = A3AEE32D2035D678009FF764;
			productRefGroup = A3AEE3372035D678009FF764 /* Products */;
			projectDirPath = "";
			projectRoot = "";
			targets = (
				A3AEE3352035D678009FF764 /* functional-todo-demo */,
			);
		};
/* End PBXProject section */

/* Begin PBXResourcesBuildPhase section */
		A3AEE3342035D678009FF764 /* Resources */ = {
			isa = PBXResourcesBuildPhase;
			buildActionMask = 2147483647;
			files = (
				A36E02492038245F00D3BABC /* Main.storyboard in Resources */,
				A3AEE3442035D678009FF764 /* LaunchScreen.storyboard in Resources */,
				A3AEE3412035D678009FF764 /* Assets.xcassets in Resources */,
			);
			runOnlyForDeploymentPostprocessing = 0;
		};
/* End PBXResourcesBuildPhase section */

/* Begin PBXShellScriptBuildPhase section */
		4AE0F10B8549873AF314B0F4 /* [CP] Check Pods Manifest.lock */ = {
			isa = PBXShellScriptBuildPhase;
			buildActionMask = 2147483647;
			files = (
			);
			inputPaths = (
				"${PODS_PODFILE_DIR_PATH}/Podfile.lock",
				"${PODS_ROOT}/Manifest.lock",
			);
			name = "[CP] Check Pods Manifest.lock";
			outputPaths = (
				"$(DERIVED_FILE_DIR)/Pods-functional-todo-demo-checkManifestLockResult.txt",
			);
			runOnlyForDeploymentPostprocessing = 0;
			shellPath = /bin/sh;
			shellScript = "diff \"${PODS_PODFILE_DIR_PATH}/Podfile.lock\" \"${PODS_ROOT}/Manifest.lock\" > /dev/null\nif [ $? != 0 ] ; then\n    # print error to STDERR\n    echo \"error: The sandbox is not in sync with the Podfile.lock. Run 'pod install' or update your CocoaPods installation.\" >&2\n    exit 1\nfi\n# This output is used by Xcode 'outputs' to avoid re-running this script phase.\necho \"SUCCESS\" > \"${SCRIPT_OUTPUT_FILE_0}\"\n";
			showEnvVarsInLog = 0;
		};
		66ED3E8AAE8152462004F6FB /* [CP] Copy Pods Resources */ = {
			isa = PBXShellScriptBuildPhase;
			buildActionMask = 2147483647;
			files = (
			);
			inputPaths = (
			);
			name = "[CP] Copy Pods Resources";
			outputPaths = (
			);
			runOnlyForDeploymentPostprocessing = 0;
			shellPath = /bin/sh;
			shellScript = "\"${SRCROOT}/Pods/Target Support Files/Pods-functional-todo-demo/Pods-functional-todo-demo-resources.sh\"\n";
			showEnvVarsInLog = 0;
		};
		6881D69D3C376177AECB538F /* [CP] Embed Pods Frameworks */ = {
			isa = PBXShellScriptBuildPhase;
			buildActionMask = 2147483647;
			files = (
			);
			inputPaths = (
				"${SRCROOT}/Pods/Target Support Files/Pods-functional-todo-demo/Pods-functional-todo-demo-frameworks.sh",
				"${BUILT_PRODUCTS_DIR}/Alamofire/Alamofire.framework",
				"${BUILT_PRODUCTS_DIR}/Argo/Argo.framework",
				"${BUILT_PRODUCTS_DIR}/Curry/Curry.framework",
				"${BUILT_PRODUCTS_DIR}/Delta/Delta.framework",
				"${BUILT_PRODUCTS_DIR}/ReactiveCocoa/ReactiveCocoa.framework",
				"${BUILT_PRODUCTS_DIR}/ReactiveSwift/ReactiveSwift.framework",
				"${BUILT_PRODUCTS_DIR}/Result/Result.framework",
				"${BUILT_PRODUCTS_DIR}/Runes/Runes.framework",
			);
			name = "[CP] Embed Pods Frameworks";
			outputPaths = (
				"${TARGET_BUILD_DIR}/${FRAMEWORKS_FOLDER_PATH}/Alamofire.framework",
				"${TARGET_BUILD_DIR}/${FRAMEWORKS_FOLDER_PATH}/Argo.framework",
				"${TARGET_BUILD_DIR}/${FRAMEWORKS_FOLDER_PATH}/Curry.framework",
				"${TARGET_BUILD_DIR}/${FRAMEWORKS_FOLDER_PATH}/Delta.framework",
				"${TARGET_BUILD_DIR}/${FRAMEWORKS_FOLDER_PATH}/ReactiveCocoa.framework",
				"${TARGET_BUILD_DIR}/${FRAMEWORKS_FOLDER_PATH}/ReactiveSwift.framework",
				"${TARGET_BUILD_DIR}/${FRAMEWORKS_FOLDER_PATH}/Result.framework",
				"${TARGET_BUILD_DIR}/${FRAMEWORKS_FOLDER_PATH}/Runes.framework",
			);
			runOnlyForDeploymentPostprocessing = 0;
			shellPath = /bin/sh;
			shellScript = "\"${SRCROOT}/Pods/Target Support Files/Pods-functional-todo-demo/Pods-functional-todo-demo-frameworks.sh\"\n";
			showEnvVarsInLog = 0;
		};
/* End PBXShellScriptBuildPhase section */

/* Begin PBXSourcesBuildPhase section */
		A3AEE3322035D678009FF764 /* Sources */ = {
			isa = PBXSourcesBuildPhase;
			buildActionMask = 2147483647;
			files = (
				A36E02412038190100D3BABC /* LoadTodosAction.swift in Sources */,
				A36E021F2037208A00D3BABC /* ViewModel1.swift in Sources */,
				A36E02432038195300D3BABC /* SetFilterAction.swift in Sources */,
				A36E024720381FFA00D3BABC /* TodoTableViewCell.swift in Sources */,
				A36E02252037221600D3BABC /* TodoRequest.swift in Sources */,
				A3AEE33C2035D678009FF764 /* MasterVC.swift in Sources */,
				A36E02392038110700D3BABC /* ClearCompletedTodosAction.swift in Sources */,
				A36E021D2035DA1C00D3BABC /* Todo.swift in Sources */,
				A36E02272037239A00D3BABC /* WebServiceManager.swift in Sources */,
				A36E0235203801A400D3BABC /* StoreExtension.swift in Sources */,
				A36E022B2037EAAB00D3BABC /* TodoManager.swift in Sources */,
				A36E023D2038126000D3BABC /* DeleteTodoAction.swift in Sources */,
				A36E022F2037F64800D3BABC /* MutableProperty+Delta.swift in Sources */,
				A36E023720380FAB00D3BABC /* UpdateTodoAction.swift in Sources */,
				A36E02332037F70B00D3BABC /* Store.swift in Sources */,
				A36E023F2038179E00D3BABC /* DetailsTodoAction.swift in Sources */,
				A36E02292037E7CF00D3BABC /* RequestModel.swift in Sources */,
				A36E0245203819DD00D3BABC /* ToggleCompletedAction.swift in Sources */,
				A36E022D2037F3E500D3BABC /* Lenses.swift in Sources */,
				A36E023B2038117E00D3BABC /* CreateTodoAction.swift in Sources */,
				A36E02312037F69200D3BABC /* State.swift in Sources */,
				A36E02232037213800D3BABC /* RequestProtocol.swift in Sources */,
				A36E02212037209700D3BABC /* ViewModel2.swift in Sources */,
				A3AEE33A2035D678009FF764 /* AppDelegate.swift in Sources */,
			);
			runOnlyForDeploymentPostprocessing = 0;
		};
/* End PBXSourcesBuildPhase section */

/* Begin PBXVariantGroup section */
		A3AEE3422035D678009FF764 /* LaunchScreen.storyboard */ = {
			isa = PBXVariantGroup;
			children = (
				A3AEE3432035D678009FF764 /* Base */,
			);
			name = LaunchScreen.storyboard;
			sourceTree = "<group>";
		};
/* End PBXVariantGroup section */

/* Begin XCBuildConfiguration section */
		A3AEE3462035D678009FF764 /* Debug */ = {
			isa = XCBuildConfiguration;
			buildSettings = {
				ALWAYS_SEARCH_USER_PATHS = NO;
				CLANG_ANALYZER_NONNULL = YES;
				CLANG_ANALYZER_NUMBER_OBJECT_CONVERSION = YES_AGGRESSIVE;
				CLANG_CXX_LANGUAGE_STANDARD = "gnu++14";
				CLANG_CXX_LIBRARY = "libc++";
				CLANG_ENABLE_MODULES = YES;
				CLANG_ENABLE_OBJC_ARC = YES;
				CLANG_WARN_BLOCK_CAPTURE_AUTORELEASING = YES;
				CLANG_WARN_BOOL_CONVERSION = YES;
				CLANG_WARN_COMMA = YES;
				CLANG_WARN_CONSTANT_CONVERSION = YES;
				CLANG_WARN_DIRECT_OBJC_ISA_USAGE = YES_ERROR;
				CLANG_WARN_DOCUMENTATION_COMMENTS = YES;
				CLANG_WARN_EMPTY_BODY = YES;
				CLANG_WARN_ENUM_CONVERSION = YES;
				CLANG_WARN_INFINITE_RECURSION = YES;
				CLANG_WARN_INT_CONVERSION = YES;
				CLANG_WARN_NON_LITERAL_NULL_CONVERSION = YES;
				CLANG_WARN_OBJC_LITERAL_CONVERSION = YES;
				CLANG_WARN_OBJC_ROOT_CLASS = YES_ERROR;
				CLANG_WARN_RANGE_LOOP_ANALYSIS = YES;
				CLANG_WARN_STRICT_PROTOTYPES = YES;
				CLANG_WARN_SUSPICIOUS_MOVE = YES;
				CLANG_WARN_UNGUARDED_AVAILABILITY = YES_AGGRESSIVE;
				CLANG_WARN_UNREACHABLE_CODE = YES;
				CLANG_WARN__DUPLICATE_METHOD_MATCH = YES;
				CODE_SIGN_IDENTITY = "iPhone Developer";
				COPY_PHASE_STRIP = NO;
				DEBUG_INFORMATION_FORMAT = dwarf;
				ENABLE_STRICT_OBJC_MSGSEND = YES;
				ENABLE_TESTABILITY = YES;
				GCC_C_LANGUAGE_STANDARD = gnu11;
				GCC_DYNAMIC_NO_PIC = NO;
				GCC_NO_COMMON_BLOCKS = YES;
				GCC_OPTIMIZATION_LEVEL = 0;
				GCC_PREPROCESSOR_DEFINITIONS = (
					"DEBUG=1",
					"$(inherited)",
				);
				GCC_WARN_64_TO_32_BIT_CONVERSION = YES;
				GCC_WARN_ABOUT_RETURN_TYPE = YES_ERROR;
				GCC_WARN_UNDECLARED_SELECTOR = YES;
				GCC_WARN_UNINITIALIZED_AUTOS = YES_AGGRESSIVE;
				GCC_WARN_UNUSED_FUNCTION = YES;
				GCC_WARN_UNUSED_VARIABLE = YES;
				IPHONEOS_DEPLOYMENT_TARGET = 11.2;
				MTL_ENABLE_DEBUG_INFO = YES;
				ONLY_ACTIVE_ARCH = YES;
				SDKROOT = iphoneos;
				SWIFT_ACTIVE_COMPILATION_CONDITIONS = DEBUG;
				SWIFT_OPTIMIZATION_LEVEL = "-Onone";
			};
			name = Debug;
		};
		A3AEE3472035D678009FF764 /* Release */ = {
			isa = XCBuildConfiguration;
			buildSettings = {
				ALWAYS_SEARCH_USER_PATHS = NO;
				CLANG_ANALYZER_NONNULL = YES;
				CLANG_ANALYZER_NUMBER_OBJECT_CONVERSION = YES_AGGRESSIVE;
				CLANG_CXX_LANGUAGE_STANDARD = "gnu++14";
				CLANG_CXX_LIBRARY = "libc++";
				CLANG_ENABLE_MODULES = YES;
				CLANG_ENABLE_OBJC_ARC = YES;
				CLANG_WARN_BLOCK_CAPTURE_AUTORELEASING = YES;
				CLANG_WARN_BOOL_CONVERSION = YES;
				CLANG_WARN_COMMA = YES;
				CLANG_WARN_CONSTANT_CONVERSION = YES;
				CLANG_WARN_DIRECT_OBJC_ISA_USAGE = YES_ERROR;
				CLANG_WARN_DOCUMENTATION_COMMENTS = YES;
				CLANG_WARN_EMPTY_BODY = YES;
				CLANG_WARN_ENUM_CONVERSION = YES;
				CLANG_WARN_INFINITE_RECURSION = YES;
				CLANG_WARN_INT_CONVERSION = YES;
				CLANG_WARN_NON_LITERAL_NULL_CONVERSION = YES;
				CLANG_WARN_OBJC_LITERAL_CONVERSION = YES;
				CLANG_WARN_OBJC_ROOT_CLASS = YES_ERROR;
				CLANG_WARN_RANGE_LOOP_ANALYSIS = YES;
				CLANG_WARN_STRICT_PROTOTYPES = YES;
				CLANG_WARN_SUSPICIOUS_MOVE = YES;
				CLANG_WARN_UNGUARDED_AVAILABILITY = YES_AGGRESSIVE;
				CLANG_WARN_UNREACHABLE_CODE = YES;
				CLANG_WARN__DUPLICATE_METHOD_MATCH = YES;
				CODE_SIGN_IDENTITY = "iPhone Developer";
				COPY_PHASE_STRIP = NO;
				DEBUG_INFORMATION_FORMAT = "dwarf-with-dsym";
				ENABLE_NS_ASSERTIONS = NO;
				ENABLE_STRICT_OBJC_MSGSEND = YES;
				GCC_C_LANGUAGE_STANDARD = gnu11;
				GCC_NO_COMMON_BLOCKS = YES;
				GCC_WARN_64_TO_32_BIT_CONVERSION = YES;
				GCC_WARN_ABOUT_RETURN_TYPE = YES_ERROR;
				GCC_WARN_UNDECLARED_SELECTOR = YES;
				GCC_WARN_UNINITIALIZED_AUTOS = YES_AGGRESSIVE;
				GCC_WARN_UNUSED_FUNCTION = YES;
				GCC_WARN_UNUSED_VARIABLE = YES;
				IPHONEOS_DEPLOYMENT_TARGET = 11.2;
				MTL_ENABLE_DEBUG_INFO = NO;
				SDKROOT = iphoneos;
				SWIFT_OPTIMIZATION_LEVEL = "-Owholemodule";
				VALIDATE_PRODUCT = YES;
			};
			name = Release;
		};
		A3AEE3492035D678009FF764 /* Debug */ = {
			isa = XCBuildConfiguration;
			baseConfigurationReference = D4FF634B2B42B68A1F345538 /* Pods-functional-todo-demo.debug.xcconfig */;
			buildSettings = {
				ASSETCATALOG_COMPILER_APPICON_NAME = AppIcon;
				CODE_SIGN_STYLE = Automatic;
				DEVELOPMENT_TEAM = 3EFBU2355T;
				INFOPLIST_FILE = "functional-todo-demo/Info.plist";
				LD_RUNPATH_SEARCH_PATHS = "$(inherited) @executable_path/Frameworks";
				PRODUCT_BUNDLE_IDENTIFIER = "com.josh.functional-todo-demo";
				PRODUCT_NAME = "$(TARGET_NAME)";
				SWIFT_VERSION = 4.0;
				TARGETED_DEVICE_FAMILY = "1,2";
			};
			name = Debug;
		};
		A3AEE34A2035D678009FF764 /* Release */ = {
			isa = XCBuildConfiguration;
			baseConfigurationReference = 28B266C272CA4668BE48085C /* Pods-functional-todo-demo.release.xcconfig */;
			buildSettings = {
				ASSETCATALOG_COMPILER_APPICON_NAME = AppIcon;
				CODE_SIGN_STYLE = Automatic;
				DEVELOPMENT_TEAM = 3EFBU2355T;
				INFOPLIST_FILE = "functional-todo-demo/Info.plist";
				LD_RUNPATH_SEARCH_PATHS = "$(inherited) @executable_path/Frameworks";
				PRODUCT_BUNDLE_IDENTIFIER = "com.josh.functional-todo-demo";
				PRODUCT_NAME = "$(TARGET_NAME)";
				SWIFT_VERSION = 4.0;
				TARGETED_DEVICE_FAMILY = "1,2";
			};
			name = Release;
		};
/* End XCBuildConfiguration section */

/* Begin XCConfigurationList section */
		A3AEE3312035D678009FF764 /* Build configuration list for PBXProject "functional-todo-demo" */ = {
			isa = XCConfigurationList;
			buildConfigurations = (
				A3AEE3462035D678009FF764 /* Debug */,
				A3AEE3472035D678009FF764 /* Release */,
			);
			defaultConfigurationIsVisible = 0;
			defaultConfigurationName = Release;
		};
		A3AEE3482035D678009FF764 /* Build configuration list for PBXNativeTarget "functional-todo-demo" */ = {
			isa = XCConfigurationList;
			buildConfigurations = (
				A3AEE3492035D678009FF764 /* Debug */,
				A3AEE34A2035D678009FF764 /* Release */,
			);
			defaultConfigurationIsVisible = 0;
			defaultConfigurationName = Release;
		};
/* End XCConfigurationList section */
	};
	rootObject = A3AEE32E2035D678009FF764 /* Project object */;
}
